// !$*UTF8*$!
{
	archiveVersion = 1;
	classes = {
	};
	objectVersion = 52;
	objects = {

/* Begin PBXBuildFile section */
		F28AC924253DE249004A0D21 /* AppDelegate.swift in Sources */ = {isa = PBXBuildFile; fileRef = F28AC923253DE249004A0D21 /* AppDelegate.swift */; };
		F28AC926253DE249004A0D21 /* SceneDelegate.swift in Sources */ = {isa = PBXBuildFile; fileRef = F28AC925253DE249004A0D21 /* SceneDelegate.swift */; };
		F28AC928253DE249004A0D21 /* ViewController.swift in Sources */ = {isa = PBXBuildFile; fileRef = F28AC927253DE249004A0D21 /* ViewController.swift */; };
		F28AC92B253DE249004A0D21 /* Main.storyboard in Resources */ = {isa = PBXBuildFile; fileRef = F28AC929253DE249004A0D21 /* Main.storyboard */; };
		F28AC92D253DE24B004A0D21 /* Assets.xcassets in Resources */ = {isa = PBXBuildFile; fileRef = F28AC92C253DE24B004A0D21 /* Assets.xcassets */; };
		F28AC930253DE24B004A0D21 /* LaunchScreen.storyboard in Resources */ = {isa = PBXBuildFile; fileRef = F28AC92E253DE24B004A0D21 /* LaunchScreen.storyboard */; };
		F28AC93A253DE284004A0D21 /* PanModal in Frameworks */ = {isa = PBXBuildFile; productRef = F28AC939253DE284004A0D21 /* PanModal */; };
		F28AC93D253DE4D2004A0D21 /* MyTableVC.swift in Sources */ = {isa = PBXBuildFile; fileRef = F28AC93C253DE4D2004A0D21 /* MyTableVC.swift */; };
		F28AC941253DEB81004A0D21 /* MySimpleVC.swift in Sources */ = {isa = PBXBuildFile; fileRef = F28AC940253DEB81004A0D21 /* MySimpleVC.swift */; };
/* End PBXBuildFile section */

/* Begin PBXFileReference section */
		F28AC920253DE249004A0D21 /* panmodal_tutorial.app */ = {isa = PBXFileReference; explicitFileType = wrapper.application; includeInIndex = 0; path = panmodal_tutorial.app; sourceTree = BUILT_PRODUCTS_DIR; };
		F28AC923253DE249004A0D21 /* AppDelegate.swift */ = {isa = PBXFileReference; lastKnownFileType = sourcecode.swift; path = AppDelegate.swift; sourceTree = "<group>"; };
		F28AC925253DE249004A0D21 /* SceneDelegate.swift */ = {isa = PBXFileReference; lastKnownFileType = sourcecode.swift; path = SceneDelegate.swift; sourceTree = "<group>"; };
		F28AC927253DE249004A0D21 /* ViewController.swift */ = {isa = PBXFileReference; lastKnownFileType = sourcecode.swift; path = ViewController.swift; sourceTree = "<group>"; };
		F28AC92A253DE249004A0D21 /* Base */ = {isa = PBXFileReference; lastKnownFileType = file.storyboard; name = Base; path = Base.lproj/Main.storyboard; sourceTree = "<group>"; };
		F28AC92C253DE24B004A0D21 /* Assets.xcassets */ = {isa = PBXFileReference; lastKnownFileType = folder.assetcatalog; path = Assets.xcassets; sourceTree = "<group>"; };
		F28AC92F253DE24B004A0D21 /* Base */ = {isa = PBXFileReference; lastKnownFileType = file.storyboard; name = Base; path = Base.lproj/LaunchScreen.storyboard; sourceTree = "<group>"; };
		F28AC931253DE24B004A0D21 /* Info.plist */ = {isa = PBXFileReference; lastKnownFileType = text.plist.xml; path = Info.plist; sourceTree = "<group>"; };
		F28AC93C253DE4D2004A0D21 /* MyTableVC.swift */ = {isa = PBXFileReference; lastKnownFileType = sourcecode.swift; path = MyTableVC.swift; sourceTree = "<group>"; };
		F28AC940253DEB81004A0D21 /* MySimpleVC.swift */ = {isa = PBXFileReference; lastKnownFileType = sourcecode.swift; path = MySimpleVC.swift; sourceTree = "<group>"; };
/* End PBXFileReference section */

/* Begin PBXFrameworksBuildPhase section */
		F28AC91D253DE249004A0D21 /* Frameworks */ = {
			isa = PBXFrameworksBuildPhase;
			buildActionMask = 2147483647;
			files = (
				F28AC93A253DE284004A0D21 /* PanModal in Frameworks */,
			);
			runOnlyForDeploymentPostprocessing = 0;
		};
/* End PBXFrameworksBuildPhase section */

/* Begin PBXGroup section */
		F28AC917253DE249004A0D21 = {
			isa = PBXGroup;
			children = (
				F28AC922253DE249004A0D21 /* panmodal_tutorial */,
				F28AC921253DE249004A0D21 /* Products */,
			);
			sourceTree = "<group>";
		};
		F28AC921253DE249004A0D21 /* Products */ = {
			isa = PBXGroup;
			children = (
				F28AC920253DE249004A0D21 /* panmodal_tutorial.app */,
			);
			name = Products;
			sourceTree = "<group>";
		};
		F28AC922253DE249004A0D21 /* panmodal_tutorial */ = {
			isa = PBXGroup;
			children = (
				F28AC923253DE249004A0D21 /* AppDelegate.swift */,
				F28AC925253DE249004A0D21 /* SceneDelegate.swift */,
				F28AC927253DE249004A0D21 /* ViewController.swift */,
				F28AC93C253DE4D2004A0D21 /* MyTableVC.swift */,
				F28AC940253DEB81004A0D21 /* MySimpleVC.swift */,
				F28AC929253DE249004A0D21 /* Main.storyboard */,
				F28AC92C253DE24B004A0D21 /* Assets.xcassets */,
				F28AC92E253DE24B004A0D21 /* LaunchScreen.storyboard */,
				F28AC931253DE24B004A0D21 /* Info.plist */,
			);
			path = panmodal_tutorial;
			sourceTree = "<group>";
		};
/* End PBXGroup section */

/* Begin PBXNativeTarget section */
		F28AC91F253DE249004A0D21 /* panmodal_tutorial */ = {
			isa = PBXNativeTarget;
			buildConfigurationList = F28AC934253DE24B004A0D21 /* Build configuration list for PBXNativeTarget "panmodal_tutorial" */;
			buildPhases = (
				F28AC91C253DE249004A0D21 /* Sources */,
				F28AC91D253DE249004A0D21 /* Frameworks */,
				F28AC91E253DE249004A0D21 /* Resources */,
			);
			buildRules = (
			);
			dependencies = (
			);
			name = panmodal_tutorial;
			packageProductDependencies = (
				F28AC939253DE284004A0D21 /* PanModal */,
			);
			productName = panmodal_tutorial;
			productReference = F28AC920253DE249004A0D21 /* panmodal_tutorial.app */;
			productType = "com.apple.product-type.application";
		};
/* End PBXNativeTarget section */

/* Begin PBXProject section */
		F28AC918253DE249004A0D21 /* Project object */ = {
			isa = PBXProject;
			attributes = {
				LastSwiftUpdateCheck = 1200;
				LastUpgradeCheck = 1200;
				TargetAttributes = {
					F28AC91F253DE249004A0D21 = {
						CreatedOnToolsVersion = 12.0.1;
					};
				};
			};
			buildConfigurationList = F28AC91B253DE249004A0D21 /* Build configuration list for PBXProject "panmodal_tutorial" */;
			compatibilityVersion = "Xcode 9.3";
			developmentRegion = en;
			hasScannedForEncodings = 0;
			knownRegions = (
				en,
				Base,
			);
			mainGroup = F28AC917253DE249004A0D21;
			packageReferences = (
				F28AC938253DE284004A0D21 /* XCRemoteSwiftPackageReference "PanModal" */,
			);
			productRefGroup = F28AC921253DE249004A0D21 /* Products */;
			projectDirPath = "";
			projectRoot = "";
			targets = (
				F28AC91F253DE249004A0D21 /* panmodal_tutorial */,
			);
		};
/* End PBXProject section */

/* Begin PBXResourcesBuildPhase section */
		F28AC91E253DE249004A0D21 /* Resources */ = {
			isa = PBXResourcesBuildPhase;
			buildActionMask = 2147483647;
			files = (
				F28AC930253DE24B004A0D21 /* LaunchScreen.storyboard in Resources */,
				F28AC92D253DE24B004A0D21 /* Assets.xcassets in Resources */,
				F28AC92B253DE249004A0D21 /* Main.storyboard in Resources */,
			);
			runOnlyForDeploymentPostprocessing = 0;
		};
/* End PBXResourcesBuildPhase section */

/* Begin PBXSourcesBuildPhase section */
		F28AC91C253DE249004A0D21 /* Sources */ = {
			isa = PBXSourcesBuildPhase;
			buildActionMask = 2147483647;
			files = (
				F28AC928253DE249004A0D21 /* ViewController.swift in Sources */,
				F28AC93D253DE4D2004A0D21 /* MyTableVC.swift in Sources */,
				F28AC941253DEB81004A0D21 /* MySimpleVC.swift in Sources */,
				F28AC924253DE249004A0D21 /* AppDelegate.swift in Sources */,
				F28AC926253DE249004A0D21 /* SceneDelegate.swift in Sources */,
			);
			runOnlyForDeploymentPostprocessing = 0;
		};
/* End PBXSourcesBuildPhase section */

/* Begin PBXVariantGroup section */
		F28AC929253DE249004A0D21 /* Main.storyboard */ = {
			isa = PBXVariantGroup;
			children = (
				F28AC92A253DE249004A0D21 /* Base */,
			);
			name = Main.storyboard;
			sourceTree = "<group>";
		};
		F28AC92E253DE24B004A0D21 /* LaunchScreen.storyboard */ = {
			isa = PBXVariantGroup;
			children = (
				F28AC92F253DE24B004A0D21 /* Base */,
			);
			name = LaunchScreen.storyboard;
			sourceTree = "<group>";
		};
/* End PBXVariantGroup section */

/* Begin XCBuildConfiguration section */
		F28AC932253DE24B004A0D21 /* Debug */ = {
			isa = XCBuildConfiguration;
			buildSettings = {
				ALWAYS_SEARCH_USER_PATHS = NO;
				CLANG_ANALYZER_NONNULL = YES;
				CLANG_ANALYZER_NUMBER_OBJECT_CONVERSION = YES_AGGRESSIVE;
				CLANG_CXX_LANGUAGE_STANDARD = "gnu++14";
				CLANG_CXX_LIBRARY = "libc++";
				CLANG_ENABLE_MODULES = YES;
				CLANG_ENABLE_OBJC_ARC = YES;
				CLANG_ENABLE_OBJC_WEAK = YES;
				CLANG_WARN_BLOCK_CAPTURE_AUTORELEASING = YES;
				CLANG_WARN_BOOL_CONVERSION = YES;
				CLANG_WARN_COMMA = YES;
				CLANG_WARN_CONSTANT_CONVERSION = YES;
				CLANG_WARN_DEPRECATED_OBJC_IMPLEMENTATIONS = YES;
				CLANG_WARN_DIRECT_OBJC_ISA_USAGE = YES_ERROR;
				CLANG_WARN_DOCUMENTATION_COMMENTS = YES;
				CLANG_WARN_EMPTY_BODY = YES;
				CLANG_WARN_ENUM_CONVERSION = YES;
				CLANG_WARN_INFINITE_RECURSION = YES;
				CLANG_WARN_INT_CONVERSION = YES;
				CLANG_WARN_NON_LITERAL_NULL_CONVERSION = YES;
				CLANG_WARN_OBJC_IMPLICIT_RETAIN_SELF = YES;
				CLANG_WARN_OBJC_LITERAL_CONVERSION = YES;
				CLANG_WARN_OBJC_ROOT_CLASS = YES_ERROR;
				CLANG_WARN_QUOTED_INCLUDE_IN_FRAMEWORK_HEADER = YES;
				CLANG_WARN_RANGE_LOOP_ANALYSIS = YES;
				CLANG_WARN_STRICT_PROTOTYPES = YES;
				CLANG_WARN_SUSPICIOUS_MOVE = YES;
				CLANG_WARN_UNGUARDED_AVAILABILITY = YES_AGGRESSIVE;
				CLANG_WARN_UNREACHABLE_CODE = YES;
				CLANG_WARN__DUPLICATE_METHOD_MATCH = YES;
				COPY_PHASE_STRIP = NO;
				DEBUG_INFORMATION_FORMAT = dwarf;
				ENABLE_STRICT_OBJC_MSGSEND = YES;
				ENABLE_TESTABILITY = YES;
				GCC_C_LANGUAGE_STANDARD = gnu11;
				GCC_DYNAMIC_NO_PIC = NO;
				GCC_NO_COMMON_BLOCKS = YES;
				GCC_OPTIMIZATION_LEVEL = 0;
				GCC_PREPROCESSOR_DEFINITIONS = (
					"DEBUG=1",
					"$(inherited)",
				);
				GCC_WARN_64_TO_32_BIT_CONVERSION = YES;
				GCC_WARN_ABOUT_RETURN_TYPE = YES_ERROR;
				GCC_WARN_UNDECLARED_SELECTOR = YES;
				GCC_WARN_UNINITIALIZED_AUTOS = YES_AGGRESSIVE;
				GCC_WARN_UNUSED_FUNCTION = YES;
				GCC_WARN_UNUSED_VARIABLE = YES;
				IPHONEOS_DEPLOYMENT_TARGET = 14.0;
				MTL_ENABLE_DEBUG_INFO = INCLUDE_SOURCE;
				MTL_FAST_MATH = YES;
				ONLY_ACTIVE_ARCH = YES;
				SDKROOT = iphoneos;
				SWIFT_ACTIVE_COMPILATION_CONDITIONS = DEBUG;
				SWIFT_OPTIMIZATION_LEVEL = "-Onone";
			};
			name = Debug;
		};
		F28AC933253DE24B004A0D21 /* Release */ = {
			isa = XCBuildConfiguration;
			buildSettings = {
				ALWAYS_SEARCH_USER_PATHS = NO;
				CLANG_ANALYZER_NONNULL = YES;
				CLANG_ANALYZER_NUMBER_OBJECT_CONVERSION = YES_AGGRESSIVE;
				CLANG_CXX_LANGUAGE_STANDARD = "gnu++14";
				CLANG_CXX_LIBRARY = "libc++";
				CLANG_ENABLE_MODULES = YES;
				CLANG_ENABLE_OBJC_ARC = YES;
				CLANG_ENABLE_OBJC_WEAK = YES;
				CLANG_WARN_BLOCK_CAPTURE_AUTORELEASING = YES;
				CLANG_WARN_BOOL_CONVERSION = YES;
				CLANG_WARN_COMMA = YES;
				CLANG_WARN_CONSTANT_CONVERSION = YES;
				CLANG_WARN_DEPRECATED_OBJC_IMPLEMENTATIONS = YES;
				CLANG_WARN_DIRECT_OBJC_ISA_USAGE = YES_ERROR;
				CLANG_WARN_DOCUMENTATION_COMMENTS = YES;
				CLANG_WARN_EMPTY_BODY = YES;
				CLANG_WARN_ENUM_CONVERSION = YES;
				CLANG_WARN_INFINITE_RECURSION = YES;
				CLANG_WARN_INT_CONVERSION = YES;
				CLANG_WARN_NON_LITERAL_NULL_CONVERSION = YES;
				CLANG_WARN_OBJC_IMPLICIT_RETAIN_SELF = YES;
				CLANG_WARN_OBJC_LITERAL_CONVERSION = YES;
				CLANG_WARN_OBJC_ROOT_CLASS = YES_ERROR;
				CLANG_WARN_QUOTED_INCLUDE_IN_FRAMEWORK_HEADER = YES;
				CLANG_WARN_RANGE_LOOP_ANALYSIS = YES;
				CLANG_WARN_STRICT_PROTOTYPES = YES;
				CLANG_WARN_SUSPICIOUS_MOVE = YES;
				CLANG_WARN_UNGUARDED_AVAILABILITY = YES_AGGRESSIVE;
				CLANG_WARN_UNREACHABLE_CODE = YES;
				CLANG_WARN__DUPLICATE_METHOD_MATCH = YES;
				COPY_PHASE_STRIP = NO;
				DEBUG_INFORMATION_FORMAT = "dwarf-with-dsym";
				ENABLE_NS_ASSERTIONS = NO;
				ENABLE_STRICT_OBJC_MSGSEND = YES;
				GCC_C_LANGUAGE_STANDARD = gnu11;
				GCC_NO_COMMON_BLOCKS = YES;
				GCC_WARN_64_TO_32_BIT_CONVERSION = YES;
				GCC_WARN_ABOUT_RETURN_TYPE = YES_ERROR;
				GCC_WARN_UNDECLARED_SELECTOR = YES;
				GCC_WARN_UNINITIALIZED_AUTOS = YES_AGGRESSIVE;
				GCC_WARN_UNUSED_FUNCTION = YES;
				GCC_WARN_UNUSED_VARIABLE = YES;
				IPHONEOS_DEPLOYMENT_TARGET = 14.0;
				MTL_ENABLE_DEBUG_INFO = NO;
				MTL_FAST_MATH = YES;
				SDKROOT = iphoneos;
				SWIFT_COMPILATION_MODE = wholemodule;
				SWIFT_OPTIMIZATION_LEVEL = "-O";
				VALIDATE_PRODUCT = YES;
			};
			name = Release;
		};
		F28AC935253DE24B004A0D21 /* Debug */ = {
			isa = XCBuildConfiguration;
			buildSettings = {
				ASSETCATALOG_COMPILER_APPICON_NAME = AppIcon;
				ASSETCATALOG_COMPILER_GLOBAL_ACCENT_COLOR_NAME = AccentColor;
				CODE_SIGN_STYLE = Automatic;
				DEVELOPMENT_TEAM = 67XDG42679;
				INFOPLIST_FILE = panmodal_tutorial/Info.plist;
				LD_RUNPATH_SEARCH_PATHS = (
					"$(inherited)",
					"@executable_path/Frameworks",
				);
				PRODUCT_BUNDLE_IDENTIFIER = "com.tuentuenna.panmodal-tutorial";
				PRODUCT_NAME = "$(TARGET_NAME)";
				SWIFT_VERSION = 5.0;
				TARGETED_DEVICE_FAMILY = "1,2";
			};
			name = Debug;
		};
		F28AC936253DE24B004A0D21 /* Release */ = {
			isa = XCBuildConfiguration;
			buildSettings = {
				ASSETCATALOG_COMPILER_APPICON_NAME = AppIcon;
				ASSETCATALOG_COMPILER_GLOBAL_ACCENT_COLOR_NAME = AccentColor;
				CODE_SIGN_STYLE = Automatic;
				DEVELOPMENT_TEAM = 67XDG42679;
				INFOPLIST_FILE = panmodal_tutorial/Info.plist;
				LD_RUNPATH_SEARCH_PATHS = (
					"$(inherited)",
					"@executable_path/Frameworks",
				);
				PRODUCT_BUNDLE_IDENTIFIER = "com.tuentuenna.panmodal-tutorial";
				PRODUCT_NAME = "$(TARGET_NAME)";
				SWIFT_VERSION = 5.0;
				TARGETED_DEVICE_FAMILY = "1,2";
			};
			name = Release;
		};
/* End XCBuildConfiguration section */

/* Begin XCConfigurationList section */
		F28AC91B253DE249004A0D21 /* Build configuration list for PBXProject "panmodal_tutorial" */ = {
			isa = XCConfigurationList;
			buildConfigurations = (
				F28AC932253DE24B004A0D21 /* Debug */,
				F28AC933253DE24B004A0D21 /* Release */,
			);
			defaultConfigurationIsVisible = 0;
			defaultConfigurationName = Release;
		};
		F28AC934253DE24B004A0D21 /* Build configuration list for PBXNativeTarget "panmodal_tutorial" */ = {
			isa = XCConfigurationList;
			buildConfigurations = (
				F28AC935253DE24B004A0D21 /* Debug */,
				F28AC936253DE24B004A0D21 /* Release */,
			);
			defaultConfigurationIsVisible = 0;
			defaultConfigurationName = Release;
		};
/* End XCConfigurationList section */

/* Begin XCRemoteSwiftPackageReference section */
		F28AC938253DE284004A0D21 /* XCRemoteSwiftPackageReference "PanModal" */ = {
			isa = XCRemoteSwiftPackageReference;
			repositoryURL = "https://github.com/slackhq/PanModal.git";
			requirement = {
				kind = upToNextMajorVersion;
				minimumVersion = 1.2.7;
			};
		};
/* End XCRemoteSwiftPackageReference section */

/* Begin XCSwiftPackageProductDependency section */
		F28AC939253DE284004A0D21 /* PanModal */ = {
			isa = XCSwiftPackageProductDependency;
			package = F28AC938253DE284004A0D21 /* XCRemoteSwiftPackageReference "PanModal" */;
			productName = PanModal;
		};
/* End XCSwiftPackageProductDependency section */
	};
	rootObject = F28AC918253DE249004A0D21 /* Project object */;
}
